
Microsoft Visual Studio Solution File, Format Version 12.00
# Visual Studio Version 16
VisualStudioVersion = 16.0.29613.14
MinimumVisualStudioVersion = 10.0.40219.1
Project("{F2A71F9B-5D33-465A-A702-920D77279786}") = "YannLib", "YannLib\YannLib.fsproj", "{7F225F5F-E22E-489E-9A51-B2FD2E2BE588}"
EndProject
Project("{F2A71F9B-5D33-465A-A702-920D77279786}") = "YannLib.Tests", "YannLib.Tests\YannLib.Tests.fsproj", "{BAA4C44C-F146-4657-8414-D24F00759F5C}"
EndProject
Project("{F2A71F9B-5D33-465A-A702-920D77279786}") = "Yann.DemoApp", "Yann.DemoApp\Yann.DemoApp.fsproj", "{AF42FC48-24A6-4A60-A85C-92D1030C762F}"
EndProject
Global
	GlobalSection(SolutionConfigurationPlatforms) = preSolution
		Debug|Any CPU = Debug|Any CPU
		Release|Any CPU = Release|Any CPU
	EndGlobalSection
	GlobalSection(ProjectConfigurationPlatforms) = postSolution
		{7F225F5F-E22E-489E-9A51-B2FD2E2BE588}.Debug|Any CPU.ActiveCfg = Debug|Any CPU
		{7F225F5F-E22E-489E-9A51-B2FD2E2BE588}.Debug|Any CPU.Build.0 = Debug|Any CPU
		{7F225F5F-E22E-489E-9A51-B2FD2E2BE588}.Release|Any CPU.ActiveCfg = Release|Any CPU
		{7F225F5F-E22E-489E-9A51-B2FD2E2BE588}.Release|Any CPU.Build.0 = Release|Any CPU
		{BAA4C44C-F146-4657-8414-D24F00759F5C}.Debug|Any CPU.ActiveCfg = Debug|Any CPU
		{BAA4C44C-F146-4657-8414-D24F00759F5C}.Debug|Any CPU.Build.0 = Debug|Any CPU
		{BAA4C44C-F146-4657-8414-D24F00759F5C}.Release|Any CPU.ActiveCfg = Release|Any CPU
		{BAA4C44C-F146-4657-8414-D24F00759F5C}.Release|Any CPU.Build.0 = Release|Any CPU
		{AF42FC48-24A6-4A60-A85C-92D1030C762F}.Debug|Any CPU.ActiveCfg = Debug|Any CPU
		{AF42FC48-24A6-4A60-A85C-92D1030C762F}.Debug|Any CPU.Build.0 = Debug|Any CPU
		{AF42FC48-24A6-4A60-A85C-92D1030C762F}.Release|Any CPU.ActiveCfg = Release|Any CPU
		{AF42FC48-24A6-4A60-A85C-92D1030C762F}.Release|Any CPU.Build.0 = Release|Any CPU
	EndGlobalSection
	GlobalSection(SolutionProperties) = preSolution
		HideSolutionNode = FALSE
	EndGlobalSection
	GlobalSection(ExtensibilityGlobals) = postSolution
		SolutionGuid = {41008C94-279F-4975-885B-F36A0FAA853A}
	EndGlobalSection
EndGlobal
